
Microsoft Visual Studio Solution File, Format Version 12.00
# Visual Studio Version 17
VisualStudioVersion = 17.8.34309.116
MinimumVisualStudioVersion = 10.0.40219.1
Project("{FAE04EC0-301F-11D3-BF4B-00C04F79EFBC}") = "API", "API\API.csproj", "{FCA7AB4D-2255-47BF-ACFA-3F49693AC43E}"
EndProject
Project("{FAE04EC0-301F-11D3-BF4B-00C04F79EFBC}") = "Core", "Core\Core.csproj", "{75B0B7EC-C555-4A2D-8DC7-92B2F3571FB2}"
EndProject
Project("{FAE04EC0-301F-11D3-BF4B-00C04F79EFBC}") = "Infrastructure", "Infrastructure\Infrastructure.csproj", "{EA652D8C-C559-4446-89F2-25D0A20CA9CC}"
EndProject
Global
	GlobalSection(SolutionConfigurationPlatforms) = preSolution
		Debug|Any CPU = Debug|Any CPU
		Release|Any CPU = Release|Any CPU
	EndGlobalSection
	GlobalSection(ProjectConfigurationPlatforms) = postSolution
		{FCA7AB4D-2255-47BF-ACFA-3F49693AC43E}.Debug|Any CPU.ActiveCfg = Debug|Any CPU
		{FCA7AB4D-2255-47BF-ACFA-3F49693AC43E}.Debug|Any CPU.Build.0 = Debug|Any CPU
		{FCA7AB4D-2255-47BF-ACFA-3F49693AC43E}.Release|Any CPU.ActiveCfg = Release|Any CPU
		{FCA7AB4D-2255-47BF-ACFA-3F49693AC43E}.Release|Any CPU.Build.0 = Release|Any CPU
		{75B0B7EC-C555-4A2D-8DC7-92B2F3571FB2}.Debug|Any CPU.ActiveCfg = Debug|Any CPU
		{75B0B7EC-C555-4A2D-8DC7-92B2F3571FB2}.Debug|Any CPU.Build.0 = Debug|Any CPU
		{75B0B7EC-C555-4A2D-8DC7-92B2F3571FB2}.Release|Any CPU.ActiveCfg = Release|Any CPU
		{75B0B7EC-C555-4A2D-8DC7-92B2F3571FB2}.Release|Any CPU.Build.0 = Release|Any CPU
		{EA652D8C-C559-4446-89F2-25D0A20CA9CC}.Debug|Any CPU.ActiveCfg = Debug|Any CPU
		{EA652D8C-C559-4446-89F2-25D0A20CA9CC}.Debug|Any CPU.Build.0 = Debug|Any CPU
		{EA652D8C-C559-4446-89F2-25D0A20CA9CC}.Release|Any CPU.ActiveCfg = Release|Any CPU
		{EA652D8C-C559-4446-89F2-25D0A20CA9CC}.Release|Any CPU.Build.0 = Release|Any CPU
	EndGlobalSection
	GlobalSection(SolutionProperties) = preSolution
		HideSolutionNode = FALSE
	EndGlobalSection
	GlobalSection(ExtensibilityGlobals) = postSolution
		SolutionGuid = {36B02742-D644-406C-B170-C4940BDBA421}
	EndGlobalSection
EndGlobal
